
Microsoft Visual Studio Solution File, Format Version 12.00
# Visual Studio 15
VisualStudioVersion = 15.0.28307.136
MinimumVisualStudioVersion = 10.0.40219.1
Project("{FAE04EC0-301F-11D3-BF4B-00C04F79EFBC}") = "KWZP2019", "KWZP2019\KWZP2019.csproj", "{BD1A8680-56AA-49CA-80F9-3A02110792F8}"
EndProject
Global
	GlobalSection(SolutionConfigurationPlatforms) = preSolution
		Debug|Any CPU = Debug|Any CPU
		Release|Any CPU = Release|Any CPU
	EndGlobalSection
	GlobalSection(ProjectConfigurationPlatforms) = postSolution
		{BD1A8680-56AA-49CA-80F9-3A02110792F8}.Debug|Any CPU.ActiveCfg = Debug|Any CPU
		{BD1A8680-56AA-49CA-80F9-3A02110792F8}.Debug|Any CPU.Build.0 = Debug|Any CPU
		{BD1A8680-56AA-49CA-80F9-3A02110792F8}.Release|Any CPU.ActiveCfg = Release|Any CPU
		{BD1A8680-56AA-49CA-80F9-3A02110792F8}.Release|Any CPU.Build.0 = Release|Any CPU
	EndGlobalSection
	GlobalSection(SolutionProperties) = preSolution
		HideSolutionNode = FALSE
	EndGlobalSection
	GlobalSection(ExtensibilityGlobals) = postSolution
		SolutionGuid = {47A32F36-9F0A-4471-84AC-8C6672D4A90E}
	EndGlobalSection
EndGlobal
